
Microsoft Visual Studio Solution File, Format Version 12.00
# Visual Studio Version 17
VisualStudioVersion = 17.2.32526.322
MinimumVisualStudioVersion = 10.0.40219.1
Project("{9A19103F-16F7-4668-BE54-9A1E7A4F7556}") = "TheStowaways", "TheStowaways\TheStowaways.csproj", "{63579700-8CF4-4D0B-AF62-407ECD608749}"
EndProject
Global
	GlobalSection(SolutionConfigurationPlatforms) = preSolution
		Debug|Any CPU = Debug|Any CPU
		Release|Any CPU = Release|Any CPU
	EndGlobalSection
	GlobalSection(ProjectConfigurationPlatforms) = postSolution
		{63579700-8CF4-4D0B-AF62-407ECD608749}.Debug|Any CPU.ActiveCfg = Debug|Any CPU
		{63579700-8CF4-4D0B-AF62-407ECD608749}.Debug|Any CPU.Build.0 = Debug|Any CPU
		{63579700-8CF4-4D0B-AF62-407ECD608749}.Release|Any CPU.ActiveCfg = Release|Any CPU
		{63579700-8CF4-4D0B-AF62-407ECD608749}.Release|Any CPU.Build.0 = Release|Any CPU
	EndGlobalSection
	GlobalSection(SolutionProperties) = preSolution
		HideSolutionNode = FALSE
	EndGlobalSection
	GlobalSection(ExtensibilityGlobals) = postSolution
		SolutionGuid = {5B0637F2-AAE3-4028-B1AF-1958C2382739}
	EndGlobalSection
EndGlobal
